
Microsoft Visual Studio Solution File, Format Version 12.00
# Visual Studio Version 16
VisualStudioVersion = 16.0.30907.101
MinimumVisualStudioVersion = 10.0.40219.1
Project("{FAE04EC0-301F-11D3-BF4B-00C04F79EFBC}") = "FamilyThreeAssignment", "FamilyThreeAssignment\FamilyThreeAssignment.csproj", "{47621BD2-6BC9-4D44-AA24-BDF2ABF2AC9C}"
EndProject
Global
	GlobalSection(SolutionConfigurationPlatforms) = preSolution
		Debug|Any CPU = Debug|Any CPU
		Release|Any CPU = Release|Any CPU
	EndGlobalSection
	GlobalSection(ProjectConfigurationPlatforms) = postSolution
		{47621BD2-6BC9-4D44-AA24-BDF2ABF2AC9C}.Debug|Any CPU.ActiveCfg = Debug|Any CPU
		{47621BD2-6BC9-4D44-AA24-BDF2ABF2AC9C}.Debug|Any CPU.Build.0 = Debug|Any CPU
		{47621BD2-6BC9-4D44-AA24-BDF2ABF2AC9C}.Release|Any CPU.ActiveCfg = Release|Any CPU
		{47621BD2-6BC9-4D44-AA24-BDF2ABF2AC9C}.Release|Any CPU.Build.0 = Release|Any CPU
	EndGlobalSection
	GlobalSection(SolutionProperties) = preSolution
		HideSolutionNode = FALSE
	EndGlobalSection
	GlobalSection(ExtensibilityGlobals) = postSolution
		SolutionGuid = {ACB9209C-3712-45E5-9C2B-080F2706DF8F}
	EndGlobalSection
EndGlobal
